
Microsoft Visual Studio Solution File, Format Version 12.00
# Visual Studio 15
VisualStudioVersion = 15.0.28307.1684
MinimumVisualStudioVersion = 10.0.40219.1
Project("{FAE04EC0-301F-11D3-BF4B-00C04F79EFBC}") = "試作品ver6", "試作品ver6\試作品ver6.csproj", "{FF006F21-0FA6-4C74-9F05-FDD75861D280}"
EndProject
Global
	GlobalSection(SolutionConfigurationPlatforms) = preSolution
		Debug|Any CPU = Debug|Any CPU
		Release|Any CPU = Release|Any CPU
	EndGlobalSection
	GlobalSection(ProjectConfigurationPlatforms) = postSolution
		{FF006F21-0FA6-4C74-9F05-FDD75861D280}.Debug|Any CPU.ActiveCfg = Debug|Any CPU
		{FF006F21-0FA6-4C74-9F05-FDD75861D280}.Debug|Any CPU.Build.0 = Debug|Any CPU
		{FF006F21-0FA6-4C74-9F05-FDD75861D280}.Release|Any CPU.ActiveCfg = Release|Any CPU
		{FF006F21-0FA6-4C74-9F05-FDD75861D280}.Release|Any CPU.Build.0 = Release|Any CPU
	EndGlobalSection
	GlobalSection(SolutionProperties) = preSolution
		HideSolutionNode = FALSE
	EndGlobalSection
	GlobalSection(ExtensibilityGlobals) = postSolution
		SolutionGuid = {BAC7D312-1A6E-477E-AF62-4C0EFA561040}
	EndGlobalSection
EndGlobal
